
Microsoft Visual Studio Solution File, Format Version 12.00
# Visual Studio Version 16
VisualStudioVersion = 16.0.29009.5
MinimumVisualStudioVersion = 10.0.40219.1
Project("{FAE04EC0-301F-11D3-BF4B-00C04F79EFBC}") = "RestWithASPNETUdemy", "RestWithASPNETUdemy.csproj", "{65D5796D-4951-4F37-B33D-05043BEED271}"
EndProject
Global
	GlobalSection(SolutionConfigurationPlatforms) = preSolution
		Debug|Any CPU = Debug|Any CPU
		Release|Any CPU = Release|Any CPU
	EndGlobalSection
	GlobalSection(ProjectConfigurationPlatforms) = postSolution
		{65D5796D-4951-4F37-B33D-05043BEED271}.Debug|Any CPU.ActiveCfg = Debug|Any CPU
		{65D5796D-4951-4F37-B33D-05043BEED271}.Debug|Any CPU.Build.0 = Debug|Any CPU
		{65D5796D-4951-4F37-B33D-05043BEED271}.Release|Any CPU.ActiveCfg = Release|Any CPU
		{65D5796D-4951-4F37-B33D-05043BEED271}.Release|Any CPU.Build.0 = Release|Any CPU
	EndGlobalSection
	GlobalSection(SolutionProperties) = preSolution
		HideSolutionNode = FALSE
	EndGlobalSection
	GlobalSection(ExtensibilityGlobals) = postSolution
		SolutionGuid = {F3CDA341-E066-46BF-A61B-9442DB3283F5}
	EndGlobalSection
EndGlobal
